<?xml version="1.0" encoding="utf-8"?>
<Project ToolsVersion="4.0" xmlns="http://schemas.microsoft.com/developer/msbuild/2003">
  <ItemGroup>
    <Filter Include="Headers">
      <UniqueIdentifier>{C196CD9C-2D76-4C38-368E-D70EA2ECB299}</UniqueIdentifier>
    </Filter>
    <Filter Include="Headers\App">
      <UniqueIdentifier>{71F867E3-DDAD-E0D8-66A2-DAAFD256D7DC}</UniqueIdentifier>
    </Filter>
    <Filter Include="Headers\Core">
      <UniqueIdentifier>{B91B6850-A57E-F7F4-4E04-30AB3A46C377}</UniqueIdentifier>
    </Filter>
    <Filter Include="Sources">
      <UniqueIdentifier>{89565304-F535-D29F-FE4D-5D766AAC3801}</UniqueIdentifier>
    </Filter>
    <Filter Include="Sources\App">
      <UniqueIdentifier>{395CD813-A511-5109-2E06-4BE09ABA470D}</UniqueIdentifier>
    </Filter>
    <Filter Include="Sources\Core">
      <UniqueIdentifier>{81F8E48E-6D5B-7433-16E1-ACE9022340B6}</UniqueIdentifier>
    </Filter>
  </ItemGroup>
  <ItemGroup>
    <ClInclude Include="src\App\Character.h">
      <Filter>Headers\App</Filter>
    </ClInclude>
    <ClInclude Include="src\Core\Collider.h">
      <Filter>Headers\Core</Filter>
    </ClInclude>
    <ClInclude Include="src\Core\Component.h">
      <Filter>Headers\Core</Filter>
    </ClInclude>
    <ClInclude Include="src\Core\Event.h">
      <Filter>Headers\Core</Filter>
    </ClInclude>
    <ClInclude Include="src\Core\GameObject.h">
      <Filter>Headers\Core</Filter>
    </ClInclude>
    <ClInclude Include="src\Core\Transform.h">
      <Filter>Headers\Core</Filter>
    </ClInclude>
    <ClInclude Include="src\Core\UUID.h">
      <Filter>Headers\Core</Filter>
    </ClInclude>
    <ClInclude Include="src\Core\Vector3.h">
      <Filter>Headers\Core</Filter>
    </ClInclude>
    <ClInclude Include="src\Core\arithmetic_concept.h">
      <Filter>Headers\Core</Filter>
    </ClInclude>
    <ClInclude Include="src\Core\input_manager.h">
      <Filter>Headers\Core</Filter>
    </ClInclude>
    <ClInclude Include="src\Core\object.h">
      <Filter>Headers\Core</Filter>
    </ClInclude>
    <ClInclude Include="src\Core\vector2.h">
      <Filter>Headers\Core</Filter>
    </ClInclude>
    <ClInclude Include="src\Core\component_concept.h" />
    <ClInclude Include="src\Core\PhysicsManager.h" />
  </ItemGroup>
  <ItemGroup>
    <ClCompile Include="src\App\Character.cpp">
      <Filter>Sources\App</Filter>
    </ClCompile>
    <ClCompile Include="src\Core\Collider.cpp">
      <Filter>Sources\Core</Filter>
    </ClCompile>
    <ClCompile Include="src\Core\Component.cpp">
      <Filter>Sources\Core</Filter>
    </ClCompile>
    <ClCompile Include="src\Core\GameObject.cpp">
      <Filter>Sources\Core</Filter>
    </ClCompile>
    <ClCompile Include="src\Core\UUID.cpp">
      <Filter>Sources\Core</Filter>
    </ClCompile>
    <ClCompile Include="src\Core\main.cpp">
      <Filter>Sources\Core</Filter>
    </ClCompile>
    <ClCompile Include="src\Core\input_manager.cpp" />
    <ClCompile Include="src\Core\PhysicsManager.cpp" />
  </ItemGroup>
</Project>